
Microsoft Visual Studio Solution File, Format Version 12.00
# Visual Studio Version 17
VisualStudioVersion = 17.14.36408.4
MinimumVisualStudioVersion = 10.0.40219.1
Project("{FAE04EC0-301F-11D3-BF4B-00C04F79EFBC}") = "01_Await", "01_Await\01_Await.csproj", "{05BAA70F-D247-4970-B842-0B978516698F}"
EndProject
Project("{FAE04EC0-301F-11D3-BF4B-00C04F79EFBC}") = "04_AsyncAwaitLock", "04_AsyncAwaitLock\04_AsyncAwaitLock.csproj", "{A955A1F1-A5C8-48FD-A247-AE2B7F1A5B01}"
EndProject
Global
	GlobalSection(SolutionConfigurationPlatforms) = preSolution
		Debug|Any CPU = Debug|Any CPU
		Release|Any CPU = Release|Any CPU
	EndGlobalSection
	GlobalSection(ProjectConfigurationPlatforms) = postSolution
		{05BAA70F-D247-4970-B842-0B978516698F}.Debug|Any CPU.ActiveCfg = Debug|Any CPU
		{05BAA70F-D247-4970-B842-0B978516698F}.Debug|Any CPU.Build.0 = Debug|Any CPU
		{05BAA70F-D247-4970-B842-0B978516698F}.Release|Any CPU.ActiveCfg = Release|Any CPU
		{05BAA70F-D247-4970-B842-0B978516698F}.Release|Any CPU.Build.0 = Release|Any CPU
		{A955A1F1-A5C8-48FD-A247-AE2B7F1A5B01}.Debug|Any CPU.ActiveCfg = Debug|Any CPU
		{A955A1F1-A5C8-48FD-A247-AE2B7F1A5B01}.Debug|Any CPU.Build.0 = Debug|Any CPU
		{A955A1F1-A5C8-48FD-A247-AE2B7F1A5B01}.Release|Any CPU.ActiveCfg = Release|Any CPU
		{A955A1F1-A5C8-48FD-A247-AE2B7F1A5B01}.Release|Any CPU.Build.0 = Release|Any CPU
	EndGlobalSection
	GlobalSection(SolutionProperties) = preSolution
		HideSolutionNode = FALSE
	EndGlobalSection
	GlobalSection(ExtensibilityGlobals) = postSolution
		SolutionGuid = {C1D990B2-B25E-46D0-B4E5-DB2492E4565E}
	EndGlobalSection
EndGlobal
