
Microsoft Visual Studio Solution File, Format Version 12.00
# Visual Studio Version 17
VisualStudioVersion = 17.14.36408.4 d17.14
MinimumVisualStudioVersion = 10.0.40219.1
Project("{FAE04EC0-301F-11D3-BF4B-00C04F79EFBC}") = "02_ConverterLibrary", "02_ConverterLibrary\02_ConverterLibrary.csproj", "{72478B9D-7821-4B0C-B329-BE51A34E5E34}"
EndProject
Project("{FAE04EC0-301F-11D3-BF4B-00C04F79EFBC}") = "03_TemperatureConverter", "03_TemperatureConverter\03_TemperatureConverter.csproj", "{1BA28334-56E1-4E8C-B23C-00CE793F630D}"
EndProject
Project("{FAE04EC0-301F-11D3-BF4B-00C04F79EFBC}") = "05_Reflector", "05_Reflector\05_Reflector.csproj", "{989D9BA3-52C8-4BB7-8C5D-25CF1F9EA86F}"
EndProject
Global
	GlobalSection(SolutionConfigurationPlatforms) = preSolution
		Debug|Any CPU = Debug|Any CPU
		Release|Any CPU = Release|Any CPU
	EndGlobalSection
	GlobalSection(ProjectConfigurationPlatforms) = postSolution
		{72478B9D-7821-4B0C-B329-BE51A34E5E34}.Debug|Any CPU.ActiveCfg = Debug|Any CPU
		{72478B9D-7821-4B0C-B329-BE51A34E5E34}.Debug|Any CPU.Build.0 = Debug|Any CPU
		{72478B9D-7821-4B0C-B329-BE51A34E5E34}.Release|Any CPU.ActiveCfg = Release|Any CPU
		{72478B9D-7821-4B0C-B329-BE51A34E5E34}.Release|Any CPU.Build.0 = Release|Any CPU
		{1BA28334-56E1-4E8C-B23C-00CE793F630D}.Debug|Any CPU.ActiveCfg = Debug|Any CPU
		{1BA28334-56E1-4E8C-B23C-00CE793F630D}.Debug|Any CPU.Build.0 = Debug|Any CPU
		{1BA28334-56E1-4E8C-B23C-00CE793F630D}.Release|Any CPU.ActiveCfg = Release|Any CPU
		{1BA28334-56E1-4E8C-B23C-00CE793F630D}.Release|Any CPU.Build.0 = Release|Any CPU
		{989D9BA3-52C8-4BB7-8C5D-25CF1F9EA86F}.Debug|Any CPU.ActiveCfg = Debug|Any CPU
		{989D9BA3-52C8-4BB7-8C5D-25CF1F9EA86F}.Debug|Any CPU.Build.0 = Debug|Any CPU
		{989D9BA3-52C8-4BB7-8C5D-25CF1F9EA86F}.Release|Any CPU.ActiveCfg = Release|Any CPU
		{989D9BA3-52C8-4BB7-8C5D-25CF1F9EA86F}.Release|Any CPU.Build.0 = Release|Any CPU
	EndGlobalSection
	GlobalSection(SolutionProperties) = preSolution
		HideSolutionNode = FALSE
	EndGlobalSection
	GlobalSection(ExtensibilityGlobals) = postSolution
		SolutionGuid = {C86D97A8-69A3-415B-81DF-7C774476B06F}
	EndGlobalSection
EndGlobal
